
Microsoft Visual Studio Solution File, Format Version 12.00
# Visual Studio 2013
VisualStudioVersion = 12.0.21005.1
MinimumVisualStudioVersion = 10.0.40219.1
Project("{2150E333-8FDC-42A3-9474-1A3956D46DE8}") = "02.FrameWork", "02.FrameWork", "{2236F87D-AEAF-44B1-AC4C-2AA9E0E1A81B}"
EndProject
Project("{2150E333-8FDC-42A3-9474-1A3956D46DE8}") = "03.Refrence", "03.Refrence", "{D3046660-0B50-49A3-A832-DDFE9ECD8782}"
EndProject
Project("{2150E333-8FDC-42A3-9474-1A3956D46DE8}") = "01.WebSite", "01.WebSite", "{122BE212-55DE-4E52-9CC8-245773EF7CFE}"
EndProject
Project("{FAE04EC0-301F-11D3-BF4B-00C04F79EFBC}") = "ET.Core", "ET.Core\ET.Core.csproj", "{7C6D5E44-D2F8-43E1-B3D9-A84FFAABBE33}"
EndProject
Global
	GlobalSection(SolutionConfigurationPlatforms) = preSolution
		Debug|Any CPU = Debug|Any CPU
		Release|Any CPU = Release|Any CPU
	EndGlobalSection
	GlobalSection(ProjectConfigurationPlatforms) = postSolution
		{7C6D5E44-D2F8-43E1-B3D9-A84FFAABBE33}.Debug|Any CPU.ActiveCfg = Debug|Any CPU
		{7C6D5E44-D2F8-43E1-B3D9-A84FFAABBE33}.Debug|Any CPU.Build.0 = Debug|Any CPU
		{7C6D5E44-D2F8-43E1-B3D9-A84FFAABBE33}.Release|Any CPU.ActiveCfg = Release|Any CPU
		{7C6D5E44-D2F8-43E1-B3D9-A84FFAABBE33}.Release|Any CPU.Build.0 = Release|Any CPU
	EndGlobalSection
	GlobalSection(SolutionProperties) = preSolution
		HideSolutionNode = FALSE
	EndGlobalSection
	GlobalSection(NestedProjects) = preSolution
		{7C6D5E44-D2F8-43E1-B3D9-A84FFAABBE33} = {2236F87D-AEAF-44B1-AC4C-2AA9E0E1A81B}
	EndGlobalSection
EndGlobal
